{
  "originHash" : "f48810d7be1df88739becd649ef90950233bf21c7c82cf455282c4def2f2cef0",
  "pins" : [
    {
      "identity" : "transcriber",
      "kind" : "remoteSourceControl",
      "location" : "https://github.com/Compiler-Inc/Transcriber.git",
      "state" : {
        "branch" : "fix/lower-deployment",
        "revision" : "0bbd779560c2cb725f0cac746f533926c6ff3b85"
      }
    }
  ],
  "version" : 3
}
